// !$*UTF8*$!
{
	archiveVersion = 1;
	classes = {
	};
	objectVersion = 46;
	objects = {

/* Begin PBXBuildFile section */
		224B03A61DFC019900CF84E1 /* main.m in Sources */ = {isa = PBXBuildFile; fileRef = 224B03A51DFC019900CF84E1 /* main.m */; };
		224B03A91DFC019900CF84E1 /* AppDelegate.m in Sources */ = {isa = PBXBuildFile; fileRef = 224B03A81DFC019900CF84E1 /* AppDelegate.m */; };
		224B03AC1DFC019900CF84E1 /* ViewController.m in Sources */ = {isa = PBXBuildFile; fileRef = 224B03AB1DFC019900CF84E1 /* ViewController.m */; };
		224B03AF1DFC019900CF84E1 /* Main.storyboard in Resources */ = {isa = PBXBuildFile; fileRef = 224B03AD1DFC019900CF84E1 /* Main.storyboard */; };
		224B03B11DFC019900CF84E1 /* Assets.xcassets in Resources */ = {isa = PBXBuildFile; fileRef = 224B03B01DFC019900CF84E1 /* Assets.xcassets */; };
		224B03B41DFC019900CF84E1 /* LaunchScreen.storyboard in Resources */ = {isa = PBXBuildFile; fileRef = 224B03B21DFC019900CF84E1 /* LaunchScreen.storyboard */; };
		224B03BF1DFC019900CF84E1 /* ____model____Tests.m in Sources */ = {isa = PBXBuildFile; fileRef = 224B03BE1DFC019900CF84E1 /* ____model____Tests.m */; };
		224B03CA1DFC019900CF84E1 /* ____model____UITests.m in Sources */ = {isa = PBXBuildFile; fileRef = 224B03C91DFC019900CF84E1 /* ____model____UITests.m */; };
/* End PBXBuildFile section */

/* Begin PBXContainerItemProxy section */
		224B03BB1DFC019900CF84E1 /* PBXContainerItemProxy */ = {
			isa = PBXContainerItemProxy;
			containerPortal = 224B03991DFC019900CF84E1 /* Project object */;
			proxyType = 1;
			remoteGlobalIDString = 224B03A01DFC019900CF84E1;
			remoteInfo = "复杂生成model逻辑梳理";
		};
		224B03C61DFC019900CF84E1 /* PBXContainerItemProxy */ = {
			isa = PBXContainerItemProxy;
			containerPortal = 224B03991DFC019900CF84E1 /* Project object */;
			proxyType = 1;
			remoteGlobalIDString = 224B03A01DFC019900CF84E1;
			remoteInfo = "复杂生成model逻辑梳理";
		};
/* End PBXContainerItemProxy section */

/* Begin PBXFileReference section */
		224B03A11DFC019900CF84E1 /* 复杂生成model逻辑梳理.app */ = {isa = PBXFileReference; explicitFileType = wrapper.application; includeInIndex = 0; path = "复杂生成model逻辑梳理.app"; sourceTree = BUILT_PRODUCTS_DIR; };
		224B03A51DFC019900CF84E1 /* main.m */ = {isa = PBXFileReference; lastKnownFileType = sourcecode.c.objc; path = main.m; sourceTree = "<group>"; };
		224B03A71DFC019900CF84E1 /* AppDelegate.h */ = {isa = PBXFileReference; lastKnownFileType = sourcecode.c.h; path = AppDelegate.h; sourceTree = "<group>"; };
		224B03A81DFC019900CF84E1 /* AppDelegate.m */ = {isa = PBXFileReference; lastKnownFileType = sourcecode.c.objc; path = AppDelegate.m; sourceTree = "<group>"; };
		224B03AA1DFC019900CF84E1 /* ViewController.h */ = {isa = PBXFileReference; lastKnownFileType = sourcecode.c.h; path = ViewController.h; sourceTree = "<group>"; };
		224B03AB1DFC019900CF84E1 /* ViewController.m */ = {isa = PBXFileReference; lastKnownFileType = sourcecode.c.objc; path = ViewController.m; sourceTree = "<group>"; };
		224B03AE1DFC019900CF84E1 /* Base */ = {isa = PBXFileReference; lastKnownFileType = file.storyboard; name = Base; path = Base.lproj/Main.storyboard; sourceTree = "<group>"; };
		224B03B01DFC019900CF84E1 /* Assets.xcassets */ = {isa = PBXFileReference; lastKnownFileType = folder.assetcatalog; path = Assets.xcassets; sourceTree = "<group>"; };
		224B03B31DFC019900CF84E1 /* Base */ = {isa = PBXFileReference; lastKnownFileType = file.storyboard; name = Base; path = Base.lproj/LaunchScreen.storyboard; sourceTree = "<group>"; };
		224B03B51DFC019900CF84E1 /* Info.plist */ = {isa = PBXFileReference; lastKnownFileType = text.plist.xml; path = Info.plist; sourceTree = "<group>"; };
		224B03BA1DFC019900CF84E1 /* 复杂生成model逻辑梳理Tests.xctest */ = {isa = PBXFileReference; explicitFileType = wrapper.cfbundle; includeInIndex = 0; path = "复杂生成model逻辑梳理Tests.xctest"; sourceTree = BUILT_PRODUCTS_DIR; };
		224B03BE1DFC019900CF84E1 /* ____model____Tests.m */ = {isa = PBXFileReference; lastKnownFileType = sourcecode.c.objc; path = "____model____Tests.m"; sourceTree = "<group>"; };
		224B03C01DFC019900CF84E1 /* Info.plist */ = {isa = PBXFileReference; lastKnownFileType = text.plist.xml; path = Info.plist; sourceTree = "<group>"; };
		224B03C51DFC019900CF84E1 /* 复杂生成model逻辑梳理UITests.xctest */ = {isa = PBXFileReference; explicitFileType = wrapper.cfbundle; includeInIndex = 0; path = "复杂生成model逻辑梳理UITests.xctest"; sourceTree = BUILT_PRODUCTS_DIR; };
		224B03C91DFC019900CF84E1 /* ____model____UITests.m */ = {isa = PBXFileReference; lastKnownFileType = sourcecode.c.objc; path = "____model____UITests.m"; sourceTree = "<group>"; };
		224B03CB1DFC019900CF84E1 /* Info.plist */ = {isa = PBXFileReference; lastKnownFileType = text.plist.xml; path = Info.plist; sourceTree = "<group>"; };
/* End PBXFileReference section */

/* Begin PBXFrameworksBuildPhase section */
		224B039E1DFC019900CF84E1 /* Frameworks */ = {
			isa = PBXFrameworksBuildPhase;
			buildActionMask = 2147483647;
			files = (
			);
			runOnlyForDeploymentPostprocessing = 0;
		};
		224B03B71DFC019900CF84E1 /* Frameworks */ = {
			isa = PBXFrameworksBuildPhase;
			buildActionMask = 2147483647;
			files = (
			);
			runOnlyForDeploymentPostprocessing = 0;
		};
		224B03C21DFC019900CF84E1 /* Frameworks */ = {
			isa = PBXFrameworksBuildPhase;
			buildActionMask = 2147483647;
			files = (
			);
			runOnlyForDeploymentPostprocessing = 0;
		};
/* End PBXFrameworksBuildPhase section */

/* Begin PBXGroup section */
		224B03981DFC019900CF84E1 = {
			isa = PBXGroup;
			children = (
				224B03A31DFC019900CF84E1 /* 复杂生成model逻辑梳理 */,
				224B03BD1DFC019900CF84E1 /* 复杂生成model逻辑梳理Tests */,
				224B03C81DFC019900CF84E1 /* 复杂生成model逻辑梳理UITests */,
				224B03A21DFC019900CF84E1 /* Products */,
			);
			sourceTree = "<group>";
		};
		224B03A21DFC019900CF84E1 /* Products */ = {
			isa = PBXGroup;
			children = (
				224B03A11DFC019900CF84E1 /* 复杂生成model逻辑梳理.app */,
				224B03BA1DFC019900CF84E1 /* 复杂生成model逻辑梳理Tests.xctest */,
				224B03C51DFC019900CF84E1 /* 复杂生成model逻辑梳理UITests.xctest */,
			);
			name = Products;
			sourceTree = "<group>";
		};
		224B03A31DFC019900CF84E1 /* 复杂生成model逻辑梳理 */ = {
			isa = PBXGroup;
			children = (
				224B03A71DFC019900CF84E1 /* AppDelegate.h */,
				224B03A81DFC019900CF84E1 /* AppDelegate.m */,
				224B03AA1DFC019900CF84E1 /* ViewController.h */,
				224B03AB1DFC019900CF84E1 /* ViewController.m */,
				224B03AD1DFC019900CF84E1 /* Main.storyboard */,
				224B03B01DFC019900CF84E1 /* Assets.xcassets */,
				224B03B21DFC019900CF84E1 /* LaunchScreen.storyboard */,
				224B03B51DFC019900CF84E1 /* Info.plist */,
				224B03A41DFC019900CF84E1 /* Supporting Files */,
			);
			path = "复杂生成model逻辑梳理";
			sourceTree = "<group>";
		};
		224B03A41DFC019900CF84E1 /* Supporting Files */ = {
			isa = PBXGroup;
			children = (
				224B03A51DFC019900CF84E1 /* main.m */,
			);
			name = "Supporting Files";
			sourceTree = "<group>";
		};
		224B03BD1DFC019900CF84E1 /* 复杂生成model逻辑梳理Tests */ = {
			isa = PBXGroup;
			children = (
				224B03BE1DFC019900CF84E1 /* ____model____Tests.m */,
				224B03C01DFC019900CF84E1 /* Info.plist */,
			);
			path = "复杂生成model逻辑梳理Tests";
			sourceTree = "<group>";
		};
		224B03C81DFC019900CF84E1 /* 复杂生成model逻辑梳理UITests */ = {
			isa = PBXGroup;
			children = (
				224B03C91DFC019900CF84E1 /* ____model____UITests.m */,
				224B03CB1DFC019900CF84E1 /* Info.plist */,
			);
			path = "复杂生成model逻辑梳理UITests";
			sourceTree = "<group>";
		};
/* End PBXGroup section */

/* Begin PBXNativeTarget section */
		224B03A01DFC019900CF84E1 /* 复杂生成model逻辑梳理 */ = {
			isa = PBXNativeTarget;
			buildConfigurationList = 224B03CE1DFC019900CF84E1 /* Build configuration list for PBXNativeTarget "复杂生成model逻辑梳理" */;
			buildPhases = (
				224B039D1DFC019900CF84E1 /* Sources */,
				224B039E1DFC019900CF84E1 /* Frameworks */,
				224B039F1DFC019900CF84E1 /* Resources */,
			);
			buildRules = (
			);
			dependencies = (
			);
			name = "复杂生成model逻辑梳理";
			productName = "复杂生成model逻辑梳理";
			productReference = 224B03A11DFC019900CF84E1 /* 复杂生成model逻辑梳理.app */;
			productType = "com.apple.product-type.application";
		};
		224B03B91DFC019900CF84E1 /* 复杂生成model逻辑梳理Tests */ = {
			isa = PBXNativeTarget;
			buildConfigurationList = 224B03D11DFC019900CF84E1 /* Build configuration list for PBXNativeTarget "复杂生成model逻辑梳理Tests" */;
			buildPhases = (
				224B03B61DFC019900CF84E1 /* Sources */,
				224B03B71DFC019900CF84E1 /* Frameworks */,
				224B03B81DFC019900CF84E1 /* Resources */,
			);
			buildRules = (
			);
			dependencies = (
				224B03BC1DFC019900CF84E1 /* PBXTargetDependency */,
			);
			name = "复杂生成model逻辑梳理Tests";
			productName = "复杂生成model逻辑梳理Tests";
			productReference = 224B03BA1DFC019900CF84E1 /* 复杂生成model逻辑梳理Tests.xctest */;
			productType = "com.apple.product-type.bundle.unit-test";
		};
		224B03C41DFC019900CF84E1 /* 复杂生成model逻辑梳理UITests */ = {
			isa = PBXNativeTarget;
			buildConfigurationList = 224B03D41DFC019900CF84E1 /* Build configuration list for PBXNativeTarget "复杂生成model逻辑梳理UITests" */;
			buildPhases = (
				224B03C11DFC019900CF84E1 /* Sources */,
				224B03C21DFC019900CF84E1 /* Frameworks */,
				224B03C31DFC019900CF84E1 /* Resources */,
			);
			buildRules = (
			);
			dependencies = (
				224B03C71DFC019900CF84E1 /* PBXTargetDependency */,
			);
			name = "复杂生成model逻辑梳理UITests";
			productName = "复杂生成model逻辑梳理UITests";
			productReference = 224B03C51DFC019900CF84E1 /* 复杂生成model逻辑梳理UITests.xctest */;
			productType = "com.apple.product-type.bundle.ui-testing";
		};
/* End PBXNativeTarget section */

/* Begin PBXProject section */
		224B03991DFC019900CF84E1 /* Project object */ = {
			isa = PBXProject;
			attributes = {
				LastUpgradeCheck = 0810;
				ORGANIZATIONNAME = "海神";
				TargetAttributes = {
					224B03A01DFC019900CF84E1 = {
						CreatedOnToolsVersion = 8.1;
						DevelopmentTeam = CWY55A99VM;
						ProvisioningStyle = Automatic;
					};
					224B03B91DFC019900CF84E1 = {
						CreatedOnToolsVersion = 8.1;
						DevelopmentTeam = CWY55A99VM;
						ProvisioningStyle = Automatic;
						TestTargetID = 224B03A01DFC019900CF84E1;
					};
					224B03C41DFC019900CF84E1 = {
						CreatedOnToolsVersion = 8.1;
						DevelopmentTeam = CWY55A99VM;
						ProvisioningStyle = Automatic;
						TestTargetID = 224B03A01DFC019900CF84E1;
					};
				};
			};
			buildConfigurationList = 224B039C1DFC019900CF84E1 /* Build configuration list for PBXProject "复杂生成model逻辑梳理" */;
			compatibilityVersion = "Xcode 3.2";
			developmentRegion = English;
			hasScannedForEncodings = 0;
			knownRegions = (
				en,
				Base,
			);
			mainGroup = 224B03981DFC019900CF84E1;
			productRefGroup = 224B03A21DFC019900CF84E1 /* Products */;
			projectDirPath = "";
			projectRoot = "";
			targets = (
				224B03A01DFC019900CF84E1 /* 复杂生成model逻辑梳理 */,
				224B03B91DFC019900CF84E1 /* 复杂生成model逻辑梳理Tests */,
				224B03C41DFC019900CF84E1 /* 复杂生成model逻辑梳理UITests */,
			);
		};
/* End PBXProject section */

/* Begin PBXResourcesBuildPhase section */
		224B039F1DFC019900CF84E1 /* Resources */ = {
			isa = PBXResourcesBuildPhase;
			buildActionMask = 2147483647;
			files = (
				224B03B41DFC019900CF84E1 /* LaunchScreen.storyboard in Resources */,
				224B03B11DFC019900CF84E1 /* Assets.xcassets in Resources */,
				224B03AF1DFC019900CF84E1 /* Main.storyboard in Resources */,
			);
			runOnlyForDeploymentPostprocessing = 0;
		};
		224B03B81DFC019900CF84E1 /* Resources */ = {
			isa = PBXResourcesBuildPhase;
			buildActionMask = 2147483647;
			files = (
			);
			runOnlyForDeploymentPostprocessing = 0;
		};
		224B03C31DFC019900CF84E1 /* Resources */ = {
			isa = PBXResourcesBuildPhase;
			buildActionMask = 2147483647;
			files = (
			);
			runOnlyForDeploymentPostprocessing = 0;
		};
/* End PBXResourcesBuildPhase section */

/* Begin PBXSourcesBuildPhase section */
		224B039D1DFC019900CF84E1 /* Sources */ = {
			isa = PBXSourcesBuildPhase;
			buildActionMask = 2147483647;
			files = (
				224B03AC1DFC019900CF84E1 /* ViewController.m in Sources */,
				224B03A91DFC019900CF84E1 /* AppDelegate.m in Sources */,
				224B03A61DFC019900CF84E1 /* main.m in Sources */,
			);
			runOnlyForDeploymentPostprocessing = 0;
		};
		224B03B61DFC019900CF84E1 /* Sources */ = {
			isa = PBXSourcesBuildPhase;
			buildActionMask = 2147483647;
			files = (
				224B03BF1DFC019900CF84E1 /* ____model____Tests.m in Sources */,
			);
			runOnlyForDeploymentPostprocessing = 0;
		};
		224B03C11DFC019900CF84E1 /* Sources */ = {
			isa = PBXSourcesBuildPhase;
			buildActionMask = 2147483647;
			files = (
				224B03CA1DFC019900CF84E1 /* ____model____UITests.m in Sources */,
			);
			runOnlyForDeploymentPostprocessing = 0;
		};
/* End PBXSourcesBuildPhase section */

/* Begin PBXTargetDependency section */
		224B03BC1DFC019900CF84E1 /* PBXTargetDependency */ = {
			isa = PBXTargetDependency;
			target = 224B03A01DFC019900CF84E1 /* 复杂生成model逻辑梳理 */;
			targetProxy = 224B03BB1DFC019900CF84E1 /* PBXContainerItemProxy */;
		};
		224B03C71DFC019900CF84E1 /* PBXTargetDependency */ = {
			isa = PBXTargetDependency;
			target = 224B03A01DFC019900CF84E1 /* 复杂生成model逻辑梳理 */;
			targetProxy = 224B03C61DFC019900CF84E1 /* PBXContainerItemProxy */;
		};
/* End PBXTargetDependency section */

/* Begin PBXVariantGroup section */
		224B03AD1DFC019900CF84E1 /* Main.storyboard */ = {
			isa = PBXVariantGroup;
			children = (
				224B03AE1DFC019900CF84E1 /* Base */,
			);
			name = Main.storyboard;
			sourceTree = "<group>";
		};
		224B03B21DFC019900CF84E1 /* LaunchScreen.storyboard */ = {
			isa = PBXVariantGroup;
			children = (
				224B03B31DFC019900CF84E1 /* Base */,
			);
			name = LaunchScreen.storyboard;
			sourceTree = "<group>";
		};
/* End PBXVariantGroup section */

/* Begin XCBuildConfiguration section */
		224B03CC1DFC019900CF84E1 /* Debug */ = {
			isa = XCBuildConfiguration;
			buildSettings = {
				ALWAYS_SEARCH_USER_PATHS = NO;
				CLANG_ANALYZER_NONNULL = YES;
				CLANG_CXX_LANGUAGE_STANDARD = "gnu++0x";
				CLANG_CXX_LIBRARY = "libc++";
				CLANG_ENABLE_MODULES = YES;
				CLANG_ENABLE_OBJC_ARC = YES;
				CLANG_WARN_BOOL_CONVERSION = YES;
				CLANG_WARN_CONSTANT_CONVERSION = YES;
				CLANG_WARN_DIRECT_OBJC_ISA_USAGE = YES_ERROR;
				CLANG_WARN_DOCUMENTATION_COMMENTS = YES;
				CLANG_WARN_EMPTY_BODY = YES;
				CLANG_WARN_ENUM_CONVERSION = YES;
				CLANG_WARN_INFINITE_RECURSION = YES;
				CLANG_WARN_INT_CONVERSION = YES;
				CLANG_WARN_OBJC_ROOT_CLASS = YES_ERROR;
				CLANG_WARN_SUSPICIOUS_MOVES = YES;
				CLANG_WARN_UNREACHABLE_CODE = YES;
				CLANG_WARN__DUPLICATE_METHOD_MATCH = YES;
				"CODE_SIGN_IDENTITY[sdk=iphoneos*]" = "iPhone Developer";
				COPY_PHASE_STRIP = NO;
				DEBUG_INFORMATION_FORMAT = dwarf;
				ENABLE_STRICT_OBJC_MSGSEND = YES;
				ENABLE_TESTABILITY = YES;
				GCC_C_LANGUAGE_STANDARD = gnu99;
				GCC_DYNAMIC_NO_PIC = NO;
				GCC_NO_COMMON_BLOCKS = YES;
				GCC_OPTIMIZATION_LEVEL = 0;
				GCC_PREPROCESSOR_DEFINITIONS = (
					"DEBUG=1",
					"$(inherited)",
				);
				GCC_WARN_64_TO_32_BIT_CONVERSION = YES;
				GCC_WARN_ABOUT_RETURN_TYPE = YES_ERROR;
				GCC_WARN_UNDECLARED_SELECTOR = YES;
				GCC_WARN_UNINITIALIZED_AUTOS = YES_AGGRESSIVE;
				GCC_WARN_UNUSED_FUNCTION = YES;
				GCC_WARN_UNUSED_VARIABLE = YES;
				IPHONEOS_DEPLOYMENT_TARGET = 10.1;
				MTL_ENABLE_DEBUG_INFO = YES;
				ONLY_ACTIVE_ARCH = YES;
				SDKROOT = iphoneos;
				TARGETED_DEVICE_FAMILY = "1,2";
			};
			name = Debug;
		};
		224B03CD1DFC019900CF84E1 /* Release */ = {
			isa = XCBuildConfiguration;
			buildSettings = {
				ALWAYS_SEARCH_USER_PATHS = NO;
				CLANG_ANALYZER_NONNULL = YES;
				CLANG_CXX_LANGUAGE_STANDARD = "gnu++0x";
				CLANG_CXX_LIBRARY = "libc++";
				CLANG_ENABLE_MODULES = YES;
				CLANG_ENABLE_OBJC_ARC = YES;
				CLANG_WARN_BOOL_CONVERSION = YES;
				CLANG_WARN_CONSTANT_CONVERSION = YES;
				CLANG_WARN_DIRECT_OBJC_ISA_USAGE = YES_ERROR;
				CLANG_WARN_DOCUMENTATION_COMMENTS = YES;
				CLANG_WARN_EMPTY_BODY = YES;
				CLANG_WARN_ENUM_CONVERSION = YES;
				CLANG_WARN_INFINITE_RECURSION = YES;
				CLANG_WARN_INT_CONVERSION = YES;
				CLANG_WARN_OBJC_ROOT_CLASS = YES_ERROR;
				CLANG_WARN_SUSPICIOUS_MOVES = YES;
				CLANG_WARN_UNREACHABLE_CODE = YES;
				CLANG_WARN__DUPLICATE_METHOD_MATCH = YES;
				"CODE_SIGN_IDENTITY[sdk=iphoneos*]" = "iPhone Developer";
				COPY_PHASE_STRIP = NO;
				DEBUG_INFORMATION_FORMAT = "dwarf-with-dsym";
				ENABLE_NS_ASSERTIONS = NO;
				ENABLE_STRICT_OBJC_MSGSEND = YES;
				GCC_C_LANGUAGE_STANDARD = gnu99;
				GCC_NO_COMMON_BLOCKS = YES;
				GCC_WARN_64_TO_32_BIT_CONVERSION = YES;
				GCC_WARN_ABOUT_RETURN_TYPE = YES_ERROR;
				GCC_WARN_UNDECLARED_SELECTOR = YES;
				GCC_WARN_UNINITIALIZED_AUTOS = YES_AGGRESSIVE;
				GCC_WARN_UNUSED_FUNCTION = YES;
				GCC_WARN_UNUSED_VARIABLE = YES;
				IPHONEOS_DEPLOYMENT_TARGET = 10.1;
				MTL_ENABLE_DEBUG_INFO = NO;
				SDKROOT = iphoneos;
				TARGETED_DEVICE_FAMILY = "1,2";
				VALIDATE_PRODUCT = YES;
			};
			name = Release;
		};
		224B03CF1DFC019900CF84E1 /* Debug */ = {
			isa = XCBuildConfiguration;
			buildSettings = {
				ASSETCATALOG_COMPILER_APPICON_NAME = AppIcon;
				DEVELOPMENT_TEAM = CWY55A99VM;
				INFOPLIST_FILE = "复杂生成model逻辑梳理/Info.plist";
				LD_RUNPATH_SEARCH_PATHS = "$(inherited) @executable_path/Frameworks";
				PRODUCT_BUNDLE_IDENTIFIER = "z.----model----";
				PRODUCT_NAME = "$(TARGET_NAME)";
			};
			name = Debug;
		};
		224B03D01DFC019900CF84E1 /* Release */ = {
			isa = XCBuildConfiguration;
			buildSettings = {
				ASSETCATALOG_COMPILER_APPICON_NAME = AppIcon;
				DEVELOPMENT_TEAM = CWY55A99VM;
				INFOPLIST_FILE = "复杂生成model逻辑梳理/Info.plist";
				LD_RUNPATH_SEARCH_PATHS = "$(inherited) @executable_path/Frameworks";
				PRODUCT_BUNDLE_IDENTIFIER = "z.----model----";
				PRODUCT_NAME = "$(TARGET_NAME)";
			};
			name = Release;
		};
		224B03D21DFC019900CF84E1 /* Debug */ = {
			isa = XCBuildConfiguration;
			buildSettings = {
				BUNDLE_LOADER = "$(TEST_HOST)";
				DEVELOPMENT_TEAM = CWY55A99VM;
				INFOPLIST_FILE = "复杂生成model逻辑梳理Tests/Info.plist";
				LD_RUNPATH_SEARCH_PATHS = "$(inherited) @executable_path/Frameworks @loader_path/Frameworks";
				PRODUCT_BUNDLE_IDENTIFIER = "z.----model----Tests";
				PRODUCT_NAME = "$(TARGET_NAME)";
				TEST_HOST = "$(BUILT_PRODUCTS_DIR)/复杂生成model逻辑梳理.app/复杂生成model逻辑梳理";
			};
			name = Debug;
		};
		224B03D31DFC019900CF84E1 /* Release */ = {
			isa = XCBuildConfiguration;
			buildSettings = {
				BUNDLE_LOADER = "$(TEST_HOST)";
				DEVELOPMENT_TEAM = CWY55A99VM;
				INFOPLIST_FILE = "复杂生成model逻辑梳理Tests/Info.plist";
				LD_RUNPATH_SEARCH_PATHS = "$(inherited) @executable_path/Frameworks @loader_path/Frameworks";
				PRODUCT_BUNDLE_IDENTIFIER = "z.----model----Tests";
				PRODUCT_NAME = "$(TARGET_NAME)";
				TEST_HOST = "$(BUILT_PRODUCTS_DIR)/复杂生成model逻辑梳理.app/复杂生成model逻辑梳理";
			};
			name = Release;
		};
		224B03D51DFC019900CF84E1 /* Debug */ = {
			isa = XCBuildConfiguration;
			buildSettings = {
				DEVELOPMENT_TEAM = CWY55A99VM;
				INFOPLIST_FILE = "复杂生成model逻辑梳理UITests/Info.plist";
				LD_RUNPATH_SEARCH_PATHS = "$(inherited) @executable_path/Frameworks @loader_path/Frameworks";
				PRODUCT_BUNDLE_IDENTIFIER = "z.----model----UITests";
				PRODUCT_NAME = "$(TARGET_NAME)";
				TEST_TARGET_NAME = "复杂生成model逻辑梳理";
			};
			name = Debug;
		};
		224B03D61DFC019900CF84E1 /* Release */ = {
			isa = XCBuildConfiguration;
			buildSettings = {
				DEVELOPMENT_TEAM = CWY55A99VM;
				INFOPLIST_FILE = "复杂生成model逻辑梳理UITests/Info.plist";
				LD_RUNPATH_SEARCH_PATHS = "$(inherited) @executable_path/Frameworks @loader_path/Frameworks";
				PRODUCT_BUNDLE_IDENTIFIER = "z.----model----UITests";
				PRODUCT_NAME = "$(TARGET_NAME)";
				TEST_TARGET_NAME = "复杂生成model逻辑梳理";
			};
			name = Release;
		};
/* End XCBuildConfiguration section */

/* Begin XCConfigurationList section */
		224B039C1DFC019900CF84E1 /* Build configuration list for PBXProject "复杂生成model逻辑梳理" */ = {
			isa = XCConfigurationList;
			buildConfigurations = (
				224B03CC1DFC019900CF84E1 /* Debug */,
				224B03CD1DFC019900CF84E1 /* Release */,
			);
			defaultConfigurationIsVisible = 0;
			defaultConfigurationName = Release;
		};
		224B03CE1DFC019900CF84E1 /* Build configuration list for PBXNativeTarget "复杂生成model逻辑梳理" */ = {
			isa = XCConfigurationList;
			buildConfigurations = (
				224B03CF1DFC019900CF84E1 /* Debug */,
				224B03D01DFC019900CF84E1 /* Release */,
			);
			defaultConfigurationIsVisible = 0;
		};
		224B03D11DFC019900CF84E1 /* Build configuration list for PBXNativeTarget "复杂生成model逻辑梳理Tests" */ = {
			isa = XCConfigurationList;
			buildConfigurations = (
				224B03D21DFC019900CF84E1 /* Debug */,
				224B03D31DFC019900CF84E1 /* Release */,
			);
			defaultConfigurationIsVisible = 0;
		};
		224B03D41DFC019900CF84E1 /* Build configuration list for PBXNativeTarget "复杂生成model逻辑梳理UITests" */ = {
			isa = XCConfigurationList;
			buildConfigurations = (
				224B03D51DFC019900CF84E1 /* Debug */,
				224B03D61DFC019900CF84E1 /* Release */,
			);
			defaultConfigurationIsVisible = 0;
		};
/* End XCConfigurationList section */
	};
	rootObject = 224B03991DFC019900CF84E1 /* Project object */;
}
